
Microsoft Visual Studio Solution File, Format Version 12.00
# Visual Studio Version 16
VisualStudioVersion = 16.0.29905.134
MinimumVisualStudioVersion = 10.0.40219.1
Project("{FAE04EC0-301F-11D3-BF4B-00C04F79EFBC}") = "PetStoreApp", "PetStoreApp\PetStoreApp.csproj", "{4D5F0C0F-170B-468E-A3C2-3486776D31B6}"
EndProject
Project("{FAE04EC0-301F-11D3-BF4B-00C04F79EFBC}") = "PetStoreApp.Models", "PetStoreApp.Models\PetStoreApp.Models.csproj", "{67EA9ADF-B6C8-47F3-9CBD-CC4B4BB8B55C}"
EndProject
Project("{FAE04EC0-301F-11D3-BF4B-00C04F79EFBC}") = "PetStoreApp.Services", "PetStoreApp.Services\PetStoreApp.Services.csproj", "{9F0A6BB4-06F4-467B-9B75-7D3461839825}"
EndProject
Global
	GlobalSection(SolutionConfigurationPlatforms) = preSolution
		Debug|Any CPU = Debug|Any CPU
		Release|Any CPU = Release|Any CPU
	EndGlobalSection
	GlobalSection(ProjectConfigurationPlatforms) = postSolution
		{4D5F0C0F-170B-468E-A3C2-3486776D31B6}.Debug|Any CPU.ActiveCfg = Debug|Any CPU
		{4D5F0C0F-170B-468E-A3C2-3486776D31B6}.Debug|Any CPU.Build.0 = Debug|Any CPU
		{4D5F0C0F-170B-468E-A3C2-3486776D31B6}.Release|Any CPU.ActiveCfg = Release|Any CPU
		{4D5F0C0F-170B-468E-A3C2-3486776D31B6}.Release|Any CPU.Build.0 = Release|Any CPU
		{67EA9ADF-B6C8-47F3-9CBD-CC4B4BB8B55C}.Debug|Any CPU.ActiveCfg = Debug|Any CPU
		{67EA9ADF-B6C8-47F3-9CBD-CC4B4BB8B55C}.Debug|Any CPU.Build.0 = Debug|Any CPU
		{67EA9ADF-B6C8-47F3-9CBD-CC4B4BB8B55C}.Release|Any CPU.ActiveCfg = Release|Any CPU
		{67EA9ADF-B6C8-47F3-9CBD-CC4B4BB8B55C}.Release|Any CPU.Build.0 = Release|Any CPU
		{9F0A6BB4-06F4-467B-9B75-7D3461839825}.Debug|Any CPU.ActiveCfg = Debug|Any CPU
		{9F0A6BB4-06F4-467B-9B75-7D3461839825}.Debug|Any CPU.Build.0 = Debug|Any CPU
		{9F0A6BB4-06F4-467B-9B75-7D3461839825}.Release|Any CPU.ActiveCfg = Release|Any CPU
		{9F0A6BB4-06F4-467B-9B75-7D3461839825}.Release|Any CPU.Build.0 = Release|Any CPU
	EndGlobalSection
	GlobalSection(SolutionProperties) = preSolution
		HideSolutionNode = FALSE
	EndGlobalSection
	GlobalSection(ExtensibilityGlobals) = postSolution
		SolutionGuid = {38F699E0-F7C2-4396-A8FC-93044F856557}
	EndGlobalSection
EndGlobal
